
Microsoft Visual Studio Solution File, Format Version 12.00
# Visual Studio Express 2012 for Windows Desktop
Project("{8BC9CEB8-8B4A-11D0-8D11-00A0C91BC942}") = "NOC_8_07_TreeStochastic", "NOC_8_07_TreeStochastic.vcxproj", "{21D96275-4E98-4728-AD2D-764B56384A78}"
EndProject
Global
	GlobalSection(SolutionConfigurationPlatforms) = preSolution
		Debug|Win32 = Debug|Win32
		Release|Win32 = Release|Win32
	EndGlobalSection
	GlobalSection(ProjectConfigurationPlatforms) = postSolution
		{21D96275-4E98-4728-AD2D-764B56384A78}.Debug|Win32.ActiveCfg = Debug|Win32
		{21D96275-4E98-4728-AD2D-764B56384A78}.Debug|Win32.Build.0 = Debug|Win32
		{21D96275-4E98-4728-AD2D-764B56384A78}.Release|Win32.ActiveCfg = Release|Win32
		{21D96275-4E98-4728-AD2D-764B56384A78}.Release|Win32.Build.0 = Release|Win32
	EndGlobalSection
	GlobalSection(SolutionProperties) = preSolution
		HideSolutionNode = FALSE
	EndGlobalSection
EndGlobal
