
Microsoft Visual Studio Solution File, Format Version 12.00
# Visual Studio Express 2012 for Windows Desktop
Project("{8BC9CEB8-8B4A-11D0-8D11-00A0C91BC942}") = "NOC_10_04_NetworkAnimation", "NOC_10_04_NetworkAnimation.vcxproj", "{A1D49A08-D6E8-4599-B655-776C80650223}"
EndProject
Global
	GlobalSection(SolutionConfigurationPlatforms) = preSolution
		Debug|Win32 = Debug|Win32
		Release|Win32 = Release|Win32
	EndGlobalSection
	GlobalSection(ProjectConfigurationPlatforms) = postSolution
		{A1D49A08-D6E8-4599-B655-776C80650223}.Debug|Win32.ActiveCfg = Debug|Win32
		{A1D49A08-D6E8-4599-B655-776C80650223}.Debug|Win32.Build.0 = Debug|Win32
		{A1D49A08-D6E8-4599-B655-776C80650223}.Release|Win32.ActiveCfg = Release|Win32
		{A1D49A08-D6E8-4599-B655-776C80650223}.Release|Win32.Build.0 = Release|Win32
	EndGlobalSection
	GlobalSection(SolutionProperties) = preSolution
		HideSolutionNode = FALSE
	EndGlobalSection
EndGlobal
